// !$*UTF8*$!
{
	archiveVersion = 1;
	classes = {
	};
	objectVersion = 46;
	objects = {

/* Begin PBXBuildFile section */
		14301A901C50F2F30049A97A /* main.m in Sources */ = {isa = PBXBuildFile; fileRef = 14301A8F1C50F2F30049A97A /* main.m */; };
		14301A931C50F2F30049A97A /* AppDelegate.m in Sources */ = {isa = PBXBuildFile; fileRef = 14301A921C50F2F30049A97A /* AppDelegate.m */; };
		14301A951C50F2F30049A97A /* Assets.xcassets in Resources */ = {isa = PBXBuildFile; fileRef = 14301A941C50F2F30049A97A /* Assets.xcassets */; };
		14301A981C50F2F30049A97A /* LaunchScreen.storyboard in Resources */ = {isa = PBXBuildFile; fileRef = 14301A961C50F2F30049A97A /* LaunchScreen.storyboard */; };
		14301AB21C50F3150049A97A /* APIClient.m in Sources */ = {isa = PBXBuildFile; fileRef = 14301AA01C50F3150049A97A /* APIClient.m */; };
		14301AB31C50F3150049A97A /* _DNComment.m in Sources */ = {isa = PBXBuildFile; fileRef = 14301AA31C50F3150049A97A /* _DNComment.m */; };
		14301AB41C50F3150049A97A /* _DNStory.m in Sources */ = {isa = PBXBuildFile; fileRef = 14301AA51C50F3150049A97A /* _DNStory.m */; };
		14301AB51C50F3150049A97A /* DNComment.m in Sources */ = {isa = PBXBuildFile; fileRef = 14301AA71C50F3150049A97A /* DNComment.m */; };
		14301AB61C50F3150049A97A /* DNStory.m in Sources */ = {isa = PBXBuildFile; fileRef = 14301AA91C50F3150049A97A /* DNStory.m */; };
		14301AB71C50F3150049A97A /* StoriesViewController.m in Sources */ = {isa = PBXBuildFile; fileRef = 14301AAB1C50F3150049A97A /* StoriesViewController.m */; };
		14301AB81C50F3150049A97A /* StoryTableViewCell.m in Sources */ = {isa = PBXBuildFile; fileRef = 14301AAD1C50F3150049A97A /* StoryTableViewCell.m */; };
		14301AB91C50F3150049A97A /* StoryViewController.m in Sources */ = {isa = PBXBuildFile; fileRef = 14301AAF1C50F3150049A97A /* StoryViewController.m */; };
		14301ABA1C50F3150049A97A /* UIFont+DNStyle.m in Sources */ = {isa = PBXBuildFile; fileRef = 14301AB11C50F3150049A97A /* UIFont+DNStyle.m */; };
		14301ABD1C50F3220049A97A /* DesignerNews.xcdatamodeld in Sources */ = {isa = PBXBuildFile; fileRef = 14301ABB1C50F3220049A97A /* DesignerNews.xcdatamodeld */; };
		501CAB432BF6C018149A8C7F /* Pods_SyncDesignerNewsDemo.framework in Frameworks */ = {isa = PBXBuildFile; fileRef = 844D7FFDEAB9565F69A1A503 /* Pods_SyncDesignerNewsDemo.framework */; };
/* End PBXBuildFile section */

/* Begin PBXFileReference section */
		14301A8B1C50F2F30049A97A /* SyncDesignerNewsDemo.app */ = {isa = PBXFileReference; explicitFileType = wrapper.application; includeInIndex = 0; path = SyncDesignerNewsDemo.app; sourceTree = BUILT_PRODUCTS_DIR; };
		14301A8F1C50F2F30049A97A /* main.m */ = {isa = PBXFileReference; lastKnownFileType = sourcecode.c.objc; path = main.m; sourceTree = "<group>"; };
		14301A911C50F2F30049A97A /* AppDelegate.h */ = {isa = PBXFileReference; lastKnownFileType = sourcecode.c.h; path = AppDelegate.h; sourceTree = "<group>"; };
		14301A921C50F2F30049A97A /* AppDelegate.m */ = {isa = PBXFileReference; lastKnownFileType = sourcecode.c.objc; path = AppDelegate.m; sourceTree = "<group>"; };
		14301A941C50F2F30049A97A /* Assets.xcassets */ = {isa = PBXFileReference; lastKnownFileType = folder.assetcatalog; path = Assets.xcassets; sourceTree = "<group>"; };
		14301A971C50F2F30049A97A /* Base */ = {isa = PBXFileReference; lastKnownFileType = file.storyboard; name = Base; path = Base.lproj/LaunchScreen.storyboard; sourceTree = "<group>"; };
		14301A991C50F2F30049A97A /* Info.plist */ = {isa = PBXFileReference; lastKnownFileType = text.plist.xml; path = Info.plist; sourceTree = "<group>"; };
		14301A9F1C50F3150049A97A /* APIClient.h */ = {isa = PBXFileReference; fileEncoding = 4; lastKnownFileType = sourcecode.c.h; path = APIClient.h; sourceTree = "<group>"; };
		14301AA01C50F3150049A97A /* APIClient.m */ = {isa = PBXFileReference; fileEncoding = 4; lastKnownFileType = sourcecode.c.objc; path = APIClient.m; sourceTree = "<group>"; };
		14301AA21C50F3150049A97A /* _DNComment.h */ = {isa = PBXFileReference; fileEncoding = 4; lastKnownFileType = sourcecode.c.h; path = _DNComment.h; sourceTree = "<group>"; };
		14301AA31C50F3150049A97A /* _DNComment.m */ = {isa = PBXFileReference; fileEncoding = 4; lastKnownFileType = sourcecode.c.objc; path = _DNComment.m; sourceTree = "<group>"; };
		14301AA41C50F3150049A97A /* _DNStory.h */ = {isa = PBXFileReference; fileEncoding = 4; lastKnownFileType = sourcecode.c.h; path = _DNStory.h; sourceTree = "<group>"; };
		14301AA51C50F3150049A97A /* _DNStory.m */ = {isa = PBXFileReference; fileEncoding = 4; lastKnownFileType = sourcecode.c.objc; path = _DNStory.m; sourceTree = "<group>"; };
		14301AA61C50F3150049A97A /* DNComment.h */ = {isa = PBXFileReference; fileEncoding = 4; lastKnownFileType = sourcecode.c.h; path = DNComment.h; sourceTree = "<group>"; };
		14301AA71C50F3150049A97A /* DNComment.m */ = {isa = PBXFileReference; fileEncoding = 4; lastKnownFileType = sourcecode.c.objc; path = DNComment.m; sourceTree = "<group>"; };
		14301AA81C50F3150049A97A /* DNStory.h */ = {isa = PBXFileReference; fileEncoding = 4; lastKnownFileType = sourcecode.c.h; path = DNStory.h; sourceTree = "<group>"; };
		14301AA91C50F3150049A97A /* DNStory.m */ = {isa = PBXFileReference; fileEncoding = 4; lastKnownFileType = sourcecode.c.objc; path = DNStory.m; sourceTree = "<group>"; };
		14301AAA1C50F3150049A97A /* StoriesViewController.h */ = {isa = PBXFileReference; fileEncoding = 4; lastKnownFileType = sourcecode.c.h; path = StoriesViewController.h; sourceTree = "<group>"; };
		14301AAB1C50F3150049A97A /* StoriesViewController.m */ = {isa = PBXFileReference; fileEncoding = 4; lastKnownFileType = sourcecode.c.objc; path = StoriesViewController.m; sourceTree = "<group>"; };
		14301AAC1C50F3150049A97A /* StoryTableViewCell.h */ = {isa = PBXFileReference; fileEncoding = 4; lastKnownFileType = sourcecode.c.h; path = StoryTableViewCell.h; sourceTree = "<group>"; };
		14301AAD1C50F3150049A97A /* StoryTableViewCell.m */ = {isa = PBXFileReference; fileEncoding = 4; lastKnownFileType = sourcecode.c.objc; path = StoryTableViewCell.m; sourceTree = "<group>"; };
		14301AAE1C50F3150049A97A /* StoryViewController.h */ = {isa = PBXFileReference; fileEncoding = 4; lastKnownFileType = sourcecode.c.h; path = StoryViewController.h; sourceTree = "<group>"; };
		14301AAF1C50F3150049A97A /* StoryViewController.m */ = {isa = PBXFileReference; fileEncoding = 4; lastKnownFileType = sourcecode.c.objc; path = StoryViewController.m; sourceTree = "<group>"; };
		14301AB01C50F3150049A97A /* UIFont+DNStyle.h */ = {isa = PBXFileReference; fileEncoding = 4; lastKnownFileType = sourcecode.c.h; path = "UIFont+DNStyle.h"; sourceTree = "<group>"; };
		14301AB11C50F3150049A97A /* UIFont+DNStyle.m */ = {isa = PBXFileReference; fileEncoding = 4; lastKnownFileType = sourcecode.c.objc; path = "UIFont+DNStyle.m"; sourceTree = "<group>"; };
		14301ABC1C50F3220049A97A /* DesignerNews.xcdatamodel */ = {isa = PBXFileReference; lastKnownFileType = wrapper.xcdatamodel; path = DesignerNews.xcdatamodel; sourceTree = "<group>"; };
		844D7FFDEAB9565F69A1A503 /* Pods_SyncDesignerNewsDemo.framework */ = {isa = PBXFileReference; explicitFileType = wrapper.framework; includeInIndex = 0; path = Pods_SyncDesignerNewsDemo.framework; sourceTree = BUILT_PRODUCTS_DIR; };
		8A71CA2FC0D72E33CD06E687 /* Pods-SyncDesignerNewsDemo.release.xcconfig */ = {isa = PBXFileReference; includeInIndex = 1; lastKnownFileType = text.xcconfig; name = "Pods-SyncDesignerNewsDemo.release.xcconfig"; path = "Pods/Target Support Files/Pods-SyncDesignerNewsDemo/Pods-SyncDesignerNewsDemo.release.xcconfig"; sourceTree = "<group>"; };
		AC5E22D55849EB8B52260AEF /* Pods-SyncDesignerNewsDemo.debug.xcconfig */ = {isa = PBXFileReference; includeInIndex = 1; lastKnownFileType = text.xcconfig; name = "Pods-SyncDesignerNewsDemo.debug.xcconfig"; path = "Pods/Target Support Files/Pods-SyncDesignerNewsDemo/Pods-SyncDesignerNewsDemo.debug.xcconfig"; sourceTree = "<group>"; };
		C3555FB30FCAB1CBD7ADFD82 /* Pods.framework */ = {isa = PBXFileReference; explicitFileType = wrapper.framework; includeInIndex = 0; path = Pods.framework; sourceTree = BUILT_PRODUCTS_DIR; };
/* End PBXFileReference section */

/* Begin PBXFrameworksBuildPhase section */
		14301A881C50F2F30049A97A /* Frameworks */ = {
			isa = PBXFrameworksBuildPhase;
			buildActionMask = 2147483647;
			files = (
				501CAB432BF6C018149A8C7F /* Pods_SyncDesignerNewsDemo.framework in Frameworks */,
			);
			runOnlyForDeploymentPostprocessing = 0;
		};
/* End PBXFrameworksBuildPhase section */

/* Begin PBXGroup section */
		0F7A2785CC00EC68BDF80B3E /* Frameworks */ = {
			isa = PBXGroup;
			children = (
				C3555FB30FCAB1CBD7ADFD82 /* Pods.framework */,
				844D7FFDEAB9565F69A1A503 /* Pods_SyncDesignerNewsDemo.framework */,
			);
			name = Frameworks;
			sourceTree = "<group>";
		};
		14301A821C50F2F30049A97A = {
			isa = PBXGroup;
			children = (
				14301A8D1C50F2F30049A97A /* SyncDesignerNewsDemo */,
				14301A8C1C50F2F30049A97A /* Products */,
				0F7A2785CC00EC68BDF80B3E /* Frameworks */,
				E4A75A374074A35F5561E7F2 /* Pods */,
			);
			sourceTree = "<group>";
		};
		14301A8C1C50F2F30049A97A /* Products */ = {
			isa = PBXGroup;
			children = (
				14301A8B1C50F2F30049A97A /* SyncDesignerNewsDemo.app */,
			);
			name = Products;
			sourceTree = "<group>";
		};
		14301A8D1C50F2F30049A97A /* SyncDesignerNewsDemo */ = {
			isa = PBXGroup;
			children = (
				14301A9F1C50F3150049A97A /* APIClient.h */,
				14301AA01C50F3150049A97A /* APIClient.m */,
				14301ABB1C50F3220049A97A /* DesignerNews.xcdatamodeld */,
				14301AA11C50F3150049A97A /* Model */,
				14301AAA1C50F3150049A97A /* StoriesViewController.h */,
				14301AAB1C50F3150049A97A /* StoriesViewController.m */,
				14301AAC1C50F3150049A97A /* StoryTableViewCell.h */,
				14301AAD1C50F3150049A97A /* StoryTableViewCell.m */,
				14301AAE1C50F3150049A97A /* StoryViewController.h */,
				14301AAF1C50F3150049A97A /* StoryViewController.m */,
				14301AB01C50F3150049A97A /* UIFont+DNStyle.h */,
				14301AB11C50F3150049A97A /* UIFont+DNStyle.m */,
				14301A911C50F2F30049A97A /* AppDelegate.h */,
				14301A921C50F2F30049A97A /* AppDelegate.m */,
				14301A941C50F2F30049A97A /* Assets.xcassets */,
				14301A961C50F2F30049A97A /* LaunchScreen.storyboard */,
				14301A991C50F2F30049A97A /* Info.plist */,
				14301A8E1C50F2F30049A97A /* Supporting Files */,
			);
			path = SyncDesignerNewsDemo;
			sourceTree = "<group>";
		};
		14301A8E1C50F2F30049A97A /* Supporting Files */ = {
			isa = PBXGroup;
			children = (
				14301A8F1C50F2F30049A97A /* main.m */,
			);
			name = "Supporting Files";
			sourceTree = "<group>";
		};
		14301AA11C50F3150049A97A /* Model */ = {
			isa = PBXGroup;
			children = (
				14301AA21C50F3150049A97A /* _DNComment.h */,
				14301AA31C50F3150049A97A /* _DNComment.m */,
				14301AA41C50F3150049A97A /* _DNStory.h */,
				14301AA51C50F3150049A97A /* _DNStory.m */,
				14301AA61C50F3150049A97A /* DNComment.h */,
				14301AA71C50F3150049A97A /* DNComment.m */,
				14301AA81C50F3150049A97A /* DNStory.h */,
				14301AA91C50F3150049A97A /* DNStory.m */,
			);
			path = Model;
			sourceTree = "<group>";
		};
		E4A75A374074A35F5561E7F2 /* Pods */ = {
			isa = PBXGroup;
			children = (
				AC5E22D55849EB8B52260AEF /* Pods-SyncDesignerNewsDemo.debug.xcconfig */,
				8A71CA2FC0D72E33CD06E687 /* Pods-SyncDesignerNewsDemo.release.xcconfig */,
			);
			name = Pods;
			sourceTree = "<group>";
		};
/* End PBXGroup section */

/* Begin PBXNativeTarget section */
		14301A8A1C50F2F30049A97A /* SyncDesignerNewsDemo */ = {
			isa = PBXNativeTarget;
			buildConfigurationList = 14301A9C1C50F2F30049A97A /* Build configuration list for PBXNativeTarget "SyncDesignerNewsDemo" */;
			buildPhases = (
				C88879106099933769280460 /* [CP] Check Pods Manifest.lock */,
				14301A871C50F2F30049A97A /* Sources */,
				14301A881C50F2F30049A97A /* Frameworks */,
				14301A891C50F2F30049A97A /* Resources */,
				6B84AC7DB6347C6E5C513DC0 /* [CP] Embed Pods Frameworks */,
				32FCC2766364F3A55AF3A091 /* [CP] Copy Pods Resources */,
			);
			buildRules = (
			);
			dependencies = (
			);
			name = SyncDesignerNewsDemo;
			productName = SyncDesignerNewsDemo;
			productReference = 14301A8B1C50F2F30049A97A /* SyncDesignerNewsDemo.app */;
			productType = "com.apple.product-type.application";
		};
/* End PBXNativeTarget section */

/* Begin PBXProject section */
		14301A831C50F2F30049A97A /* Project object */ = {
			isa = PBXProject;
			attributes = {
				LastUpgradeCheck = 0800;
				ORGANIZATIONNAME = Demo;
				TargetAttributes = {
					14301A8A1C50F2F30049A97A = {
						CreatedOnToolsVersion = 7.2;
						LastSwiftMigration = 0800;
					};
				};
			};
			buildConfigurationList = 14301A861C50F2F30049A97A /* Build configuration list for PBXProject "SyncDesignerNewsDemo" */;
			compatibilityVersion = "Xcode 3.2";
			developmentRegion = English;
			hasScannedForEncodings = 0;
			knownRegions = (
				en,
				Base,
			);
			mainGroup = 14301A821C50F2F30049A97A;
			productRefGroup = 14301A8C1C50F2F30049A97A /* Products */;
			projectDirPath = "";
			projectRoot = "";
			targets = (
				14301A8A1C50F2F30049A97A /* SyncDesignerNewsDemo */,
			);
		};
/* End PBXProject section */

/* Begin PBXResourcesBuildPhase section */
		14301A891C50F2F30049A97A /* Resources */ = {
			isa = PBXResourcesBuildPhase;
			buildActionMask = 2147483647;
			files = (
				14301A951C50F2F30049A97A /* Assets.xcassets in Resources */,
				14301A981C50F2F30049A97A /* LaunchScreen.storyboard in Resources */,
			);
			runOnlyForDeploymentPostprocessing = 0;
		};
/* End PBXResourcesBuildPhase section */

/* Begin PBXShellScriptBuildPhase section */
		32FCC2766364F3A55AF3A091 /* [CP] Copy Pods Resources */ = {
			isa = PBXShellScriptBuildPhase;
			buildActionMask = 2147483647;
			files = (
			);
			inputPaths = (
			);
			name = "[CP] Copy Pods Resources";
			outputPaths = (
			);
			runOnlyForDeploymentPostprocessing = 0;
			shellPath = /bin/sh;
			shellScript = "\"${SRCROOT}/Pods/Target Support Files/Pods-SyncDesignerNewsDemo/Pods-SyncDesignerNewsDemo-resources.sh\"\n";
			showEnvVarsInLog = 0;
		};
		6B84AC7DB6347C6E5C513DC0 /* [CP] Embed Pods Frameworks */ = {
			isa = PBXShellScriptBuildPhase;
			buildActionMask = 2147483647;
			files = (
			);
			inputPaths = (
			);
			name = "[CP] Embed Pods Frameworks";
			outputPaths = (
			);
			runOnlyForDeploymentPostprocessing = 0;
			shellPath = /bin/sh;
			shellScript = "\"${SRCROOT}/Pods/Target Support Files/Pods-SyncDesignerNewsDemo/Pods-SyncDesignerNewsDemo-frameworks.sh\"\n";
			showEnvVarsInLog = 0;
		};
		C88879106099933769280460 /* [CP] Check Pods Manifest.lock */ = {
			isa = PBXShellScriptBuildPhase;
			buildActionMask = 2147483647;
			files = (
			);
			inputPaths = (
			);
			name = "[CP] Check Pods Manifest.lock";
			outputPaths = (
			);
			runOnlyForDeploymentPostprocessing = 0;
			shellPath = /bin/sh;
			shellScript = "diff \"${PODS_ROOT}/../Podfile.lock\" \"${PODS_ROOT}/Manifest.lock\" > /dev/null\nif [ $? != 0 ] ; then\n    # print error to STDERR\n    echo \"error: The sandbox is not in sync with the Podfile.lock. Run 'pod install' or update your CocoaPods installation.\" >&2\n    exit 1\nfi\n";
			showEnvVarsInLog = 0;
		};
/* End PBXShellScriptBuildPhase section */

/* Begin PBXSourcesBuildPhase section */
		14301A871C50F2F30049A97A /* Sources */ = {
			isa = PBXSourcesBuildPhase;
			buildActionMask = 2147483647;
			files = (
				14301A931C50F2F30049A97A /* AppDelegate.m in Sources */,
				14301AB81C50F3150049A97A /* StoryTableViewCell.m in Sources */,
				14301ABA1C50F3150049A97A /* UIFont+DNStyle.m in Sources */,
				14301AB91C50F3150049A97A /* StoryViewController.m in Sources */,
				14301AB41C50F3150049A97A /* _DNStory.m in Sources */,
				14301AB71C50F3150049A97A /* StoriesViewController.m in Sources */,
				14301AB21C50F3150049A97A /* APIClient.m in Sources */,
				14301ABD1C50F3220049A97A /* DesignerNews.xcdatamodeld in Sources */,
				14301A901C50F2F30049A97A /* main.m in Sources */,
				14301AB31C50F3150049A97A /* _DNComment.m in Sources */,
				14301AB61C50F3150049A97A /* DNStory.m in Sources */,
				14301AB51C50F3150049A97A /* DNComment.m in Sources */,
			);
			runOnlyForDeploymentPostprocessing = 0;
		};
/* End PBXSourcesBuildPhase section */

/* Begin PBXVariantGroup section */
		14301A961C50F2F30049A97A /* LaunchScreen.storyboard */ = {
			isa = PBXVariantGroup;
			children = (
				14301A971C50F2F30049A97A /* Base */,
			);
			name = LaunchScreen.storyboard;
			sourceTree = "<group>";
		};
/* End PBXVariantGroup section */

/* Begin XCBuildConfiguration section */
		14301A9A1C50F2F30049A97A /* Debug */ = {
			isa = XCBuildConfiguration;
			buildSettings = {
				ALWAYS_SEARCH_USER_PATHS = NO;
				CLANG_CXX_LANGUAGE_STANDARD = "gnu++0x";
				CLANG_CXX_LIBRARY = "libc++";
				CLANG_ENABLE_MODULES = YES;
				CLANG_ENABLE_OBJC_ARC = YES;
				CLANG_WARN_BOOL_CONVERSION = YES;
				CLANG_WARN_CONSTANT_CONVERSION = YES;
				CLANG_WARN_DIRECT_OBJC_ISA_USAGE = YES_ERROR;
				CLANG_WARN_EMPTY_BODY = YES;
				CLANG_WARN_ENUM_CONVERSION = YES;
				CLANG_WARN_INFINITE_RECURSION = YES;
				CLANG_WARN_INT_CONVERSION = YES;
				CLANG_WARN_OBJC_ROOT_CLASS = YES_ERROR;
				CLANG_WARN_SUSPICIOUS_MOVE = YES;
				CLANG_WARN_UNREACHABLE_CODE = YES;
				CLANG_WARN__DUPLICATE_METHOD_MATCH = YES;
				"CODE_SIGN_IDENTITY[sdk=iphoneos*]" = "iPhone Developer";
				COPY_PHASE_STRIP = NO;
				DEBUG_INFORMATION_FORMAT = dwarf;
				ENABLE_STRICT_OBJC_MSGSEND = YES;
				ENABLE_TESTABILITY = YES;
				GCC_C_LANGUAGE_STANDARD = gnu99;
				GCC_DYNAMIC_NO_PIC = NO;
				GCC_NO_COMMON_BLOCKS = YES;
				GCC_OPTIMIZATION_LEVEL = 0;
				GCC_PREPROCESSOR_DEFINITIONS = (
					"DEBUG=1",
					"$(inherited)",
				);
				GCC_WARN_64_TO_32_BIT_CONVERSION = YES;
				GCC_WARN_ABOUT_RETURN_TYPE = YES_ERROR;
				GCC_WARN_UNDECLARED_SELECTOR = YES;
				GCC_WARN_UNINITIALIZED_AUTOS = YES_AGGRESSIVE;
				GCC_WARN_UNUSED_FUNCTION = YES;
				GCC_WARN_UNUSED_VARIABLE = YES;
				IPHONEOS_DEPLOYMENT_TARGET = 9.2;
				MTL_ENABLE_DEBUG_INFO = YES;
				ONLY_ACTIVE_ARCH = YES;
				SDKROOT = iphoneos;
			};
			name = Debug;
		};
		14301A9B1C50F2F30049A97A /* Release */ = {
			isa = XCBuildConfiguration;
			buildSettings = {
				ALWAYS_SEARCH_USER_PATHS = NO;
				CLANG_CXX_LANGUAGE_STANDARD = "gnu++0x";
				CLANG_CXX_LIBRARY = "libc++";
				CLANG_ENABLE_MODULES = YES;
				CLANG_ENABLE_OBJC_ARC = YES;
				CLANG_WARN_BOOL_CONVERSION = YES;
				CLANG_WARN_CONSTANT_CONVERSION = YES;
				CLANG_WARN_DIRECT_OBJC_ISA_USAGE = YES_ERROR;
				CLANG_WARN_EMPTY_BODY = YES;
				CLANG_WARN_ENUM_CONVERSION = YES;
				CLANG_WARN_INFINITE_RECURSION = YES;
				CLANG_WARN_INT_CONVERSION = YES;
				CLANG_WARN_OBJC_ROOT_CLASS = YES_ERROR;
				CLANG_WARN_SUSPICIOUS_MOVE = YES;
				CLANG_WARN_UNREACHABLE_CODE = YES;
				CLANG_WARN__DUPLICATE_METHOD_MATCH = YES;
				"CODE_SIGN_IDENTITY[sdk=iphoneos*]" = "iPhone Developer";
				COPY_PHASE_STRIP = NO;
				DEBUG_INFORMATION_FORMAT = "dwarf-with-dsym";
				ENABLE_NS_ASSERTIONS = NO;
				ENABLE_STRICT_OBJC_MSGSEND = YES;
				GCC_C_LANGUAGE_STANDARD = gnu99;
				GCC_NO_COMMON_BLOCKS = YES;
				GCC_WARN_64_TO_32_BIT_CONVERSION = YES;
				GCC_WARN_ABOUT_RETURN_TYPE = YES_ERROR;
				GCC_WARN_UNDECLARED_SELECTOR = YES;
				GCC_WARN_UNINITIALIZED_AUTOS = YES_AGGRESSIVE;
				GCC_WARN_UNUSED_FUNCTION = YES;
				GCC_WARN_UNUSED_VARIABLE = YES;
				IPHONEOS_DEPLOYMENT_TARGET = 9.2;
				MTL_ENABLE_DEBUG_INFO = NO;
				SDKROOT = iphoneos;
				VALIDATE_PRODUCT = YES;
			};
			name = Release;
		};
		14301A9D1C50F2F30049A97A /* Debug */ = {
			isa = XCBuildConfiguration;
			baseConfigurationReference = AC5E22D55849EB8B52260AEF /* Pods-SyncDesignerNewsDemo.debug.xcconfig */;
			buildSettings = {
				ALWAYS_EMBED_SWIFT_STANDARD_LIBRARIES = YES;
				ASSETCATALOG_COMPILER_APPICON_NAME = AppIcon;
				INFOPLIST_FILE = SyncDesignerNewsDemo/Info.plist;
				LD_RUNPATH_SEARCH_PATHS = "$(inherited) @executable_path/Frameworks";
				PRODUCT_BUNDLE_IDENTIFIER = com.demo.SyncDesignerNewsDemo;
				PRODUCT_NAME = "$(TARGET_NAME)";
				SWIFT_VERSION = 3.0;
			};
			name = Debug;
		};
		14301A9E1C50F2F30049A97A /* Release */ = {
			isa = XCBuildConfiguration;
			baseConfigurationReference = 8A71CA2FC0D72E33CD06E687 /* Pods-SyncDesignerNewsDemo.release.xcconfig */;
			buildSettings = {
				ALWAYS_EMBED_SWIFT_STANDARD_LIBRARIES = YES;
				ASSETCATALOG_COMPILER_APPICON_NAME = AppIcon;
				INFOPLIST_FILE = SyncDesignerNewsDemo/Info.plist;
				LD_RUNPATH_SEARCH_PATHS = "$(inherited) @executable_path/Frameworks";
				PRODUCT_BUNDLE_IDENTIFIER = com.demo.SyncDesignerNewsDemo;
				PRODUCT_NAME = "$(TARGET_NAME)";
				SWIFT_VERSION = 3.0;
			};
			name = Release;
		};
/* End XCBuildConfiguration section */

/* Begin XCConfigurationList section */
		14301A861C50F2F30049A97A /* Build configuration list for PBXProject "SyncDesignerNewsDemo" */ = {
			isa = XCConfigurationList;
			buildConfigurations = (
				14301A9A1C50F2F30049A97A /* Debug */,
				14301A9B1C50F2F30049A97A /* Release */,
			);
			defaultConfigurationIsVisible = 0;
			defaultConfigurationName = Release;
		};
		14301A9C1C50F2F30049A97A /* Build configuration list for PBXNativeTarget "SyncDesignerNewsDemo" */ = {
			isa = XCConfigurationList;
			buildConfigurations = (
				14301A9D1C50F2F30049A97A /* Debug */,
				14301A9E1C50F2F30049A97A /* Release */,
			);
			defaultConfigurationIsVisible = 0;
			defaultConfigurationName = Release;
		};
/* End XCConfigurationList section */

/* Begin XCVersionGroup section */
		14301ABB1C50F3220049A97A /* DesignerNews.xcdatamodeld */ = {
			isa = XCVersionGroup;
			children = (
				14301ABC1C50F3220049A97A /* DesignerNews.xcdatamodel */,
			);
			currentVersion = 14301ABC1C50F3220049A97A /* DesignerNews.xcdatamodel */;
			path = DesignerNews.xcdatamodeld;
			sourceTree = "<group>";
			versionGroupType = wrapper.xcdatamodel;
		};
/* End XCVersionGroup section */
	};
	rootObject = 14301A831C50F2F30049A97A /* Project object */;
}
